
Microsoft Visual Studio Solution File, Format Version 12.00
# Visual Studio 15
VisualStudioVersion = 15.0.28107.0
MinimumVisualStudioVersion = 10.0.40219.1
Project("{FAE04EC0-301F-11D3-BF4B-00C04F79EFBC}") = "FileDownloader", "FileDownloader\FileDownloader.csproj", "{416371EC-8B47-4BCD-8F0A-AB2CFD8F92D9}"
EndProject
Global
	GlobalSection(SolutionConfigurationPlatforms) = preSolution
		Debug|Any CPU = Debug|Any CPU
		Release|Any CPU = Release|Any CPU
	EndGlobalSection
	GlobalSection(ProjectConfigurationPlatforms) = postSolution
		{416371EC-8B47-4BCD-8F0A-AB2CFD8F92D9}.Debug|Any CPU.ActiveCfg = Debug|Any CPU
		{416371EC-8B47-4BCD-8F0A-AB2CFD8F92D9}.Debug|Any CPU.Build.0 = Debug|Any CPU
		{416371EC-8B47-4BCD-8F0A-AB2CFD8F92D9}.Release|Any CPU.ActiveCfg = Release|Any CPU
		{416371EC-8B47-4BCD-8F0A-AB2CFD8F92D9}.Release|Any CPU.Build.0 = Release|Any CPU
	EndGlobalSection
	GlobalSection(SolutionProperties) = preSolution
		HideSolutionNode = FALSE
	EndGlobalSection
	GlobalSection(ExtensibilityGlobals) = postSolution
		SolutionGuid = {E9682181-D636-401B-ADCB-D3A6BDE47ED6}
	EndGlobalSection
EndGlobal
